// !$*UTF8*$!
{
	archiveVersion = 1;
	classes = {
	};
	objectVersion = 56;
	objects = {

/* Begin PBXBuildFile section */
		E350DD9D2BF05AEF007362E3 /* AppDelegate.swift in Sources */ = {isa = PBXBuildFile; fileRef = E350DD9C2BF05AEF007362E3 /* AppDelegate.swift */; };
		E350DD9F2BF05AEF007362E3 /* SceneDelegate.swift in Sources */ = {isa = PBXBuildFile; fileRef = E350DD9E2BF05AEF007362E3 /* SceneDelegate.swift */; };
		E350DDA12BF05AEF007362E3 /* ViewController.swift in Sources */ = {isa = PBXBuildFile; fileRef = E350DDA02BF05AEF007362E3 /* ViewController.swift */; };
		E350DDA42BF05AEF007362E3 /* Main.storyboard in Resources */ = {isa = PBXBuildFile; fileRef = E350DDA22BF05AEF007362E3 /* Main.storyboard */; };
		E350DDA62BF05AF0007362E3 /* Assets.xcassets in Resources */ = {isa = PBXBuildFile; fileRef = E350DDA52BF05AF0007362E3 /* Assets.xcassets */; };
		E350DDA92BF05AF0007362E3 /* LaunchScreen.storyboard in Resources */ = {isa = PBXBuildFile; fileRef = E350DDA72BF05AF0007362E3 /* LaunchScreen.storyboard */; };
		E350DDB42BF05AF0007362E3 /* OliveYoungCompTests.swift in Sources */ = {isa = PBXBuildFile; fileRef = E350DDB32BF05AF0007362E3 /* OliveYoungCompTests.swift */; };
		E350DDBE2BF05AF0007362E3 /* OliveYoungCompUITests.swift in Sources */ = {isa = PBXBuildFile; fileRef = E350DDBD2BF05AF0007362E3 /* OliveYoungCompUITests.swift */; };
		E350DDC02BF05AF0007362E3 /* OliveYoungCompUITestsLaunchTests.swift in Sources */ = {isa = PBXBuildFile; fileRef = E350DDBF2BF05AF0007362E3 /* OliveYoungCompUITestsLaunchTests.swift */; };
/* End PBXBuildFile section */

/* Begin PBXContainerItemProxy section */
		E350DDB02BF05AF0007362E3 /* PBXContainerItemProxy */ = {
			isa = PBXContainerItemProxy;
			containerPortal = E350DD912BF05AEF007362E3 /* Project object */;
			proxyType = 1;
			remoteGlobalIDString = E350DD982BF05AEF007362E3;
			remoteInfo = OliveYoungComp;
		};
		E350DDBA2BF05AF0007362E3 /* PBXContainerItemProxy */ = {
			isa = PBXContainerItemProxy;
			containerPortal = E350DD912BF05AEF007362E3 /* Project object */;
			proxyType = 1;
			remoteGlobalIDString = E350DD982BF05AEF007362E3;
			remoteInfo = OliveYoungComp;
		};
/* End PBXContainerItemProxy section */

/* Begin PBXFileReference section */
		E350DD992BF05AEF007362E3 /* OliveYoungComp.app */ = {isa = PBXFileReference; explicitFileType = wrapper.application; includeInIndex = 0; path = OliveYoungComp.app; sourceTree = BUILT_PRODUCTS_DIR; };
		E350DD9C2BF05AEF007362E3 /* AppDelegate.swift */ = {isa = PBXFileReference; lastKnownFileType = sourcecode.swift; path = AppDelegate.swift; sourceTree = "<group>"; };
		E350DD9E2BF05AEF007362E3 /* SceneDelegate.swift */ = {isa = PBXFileReference; lastKnownFileType = sourcecode.swift; path = SceneDelegate.swift; sourceTree = "<group>"; };
		E350DDA02BF05AEF007362E3 /* ViewController.swift */ = {isa = PBXFileReference; lastKnownFileType = sourcecode.swift; path = ViewController.swift; sourceTree = "<group>"; };
		E350DDA32BF05AEF007362E3 /* Base */ = {isa = PBXFileReference; lastKnownFileType = file.storyboard; name = Base; path = Base.lproj/Main.storyboard; sourceTree = "<group>"; };
		E350DDA52BF05AF0007362E3 /* Assets.xcassets */ = {isa = PBXFileReference; lastKnownFileType = folder.assetcatalog; path = Assets.xcassets; sourceTree = "<group>"; };
		E350DDA82BF05AF0007362E3 /* Base */ = {isa = PBXFileReference; lastKnownFileType = file.storyboard; name = Base; path = Base.lproj/LaunchScreen.storyboard; sourceTree = "<group>"; };
		E350DDAA2BF05AF0007362E3 /* Info.plist */ = {isa = PBXFileReference; lastKnownFileType = text.plist.xml; path = Info.plist; sourceTree = "<group>"; };
		E350DDAF2BF05AF0007362E3 /* OliveYoungCompTests.xctest */ = {isa = PBXFileReference; explicitFileType = wrapper.cfbundle; includeInIndex = 0; path = OliveYoungCompTests.xctest; sourceTree = BUILT_PRODUCTS_DIR; };
		E350DDB32BF05AF0007362E3 /* OliveYoungCompTests.swift */ = {isa = PBXFileReference; lastKnownFileType = sourcecode.swift; path = OliveYoungCompTests.swift; sourceTree = "<group>"; };
		E350DDB92BF05AF0007362E3 /* OliveYoungCompUITests.xctest */ = {isa = PBXFileReference; explicitFileType = wrapper.cfbundle; includeInIndex = 0; path = OliveYoungCompUITests.xctest; sourceTree = BUILT_PRODUCTS_DIR; };
		E350DDBD2BF05AF0007362E3 /* OliveYoungCompUITests.swift */ = {isa = PBXFileReference; lastKnownFileType = sourcecode.swift; path = OliveYoungCompUITests.swift; sourceTree = "<group>"; };
		E350DDBF2BF05AF0007362E3 /* OliveYoungCompUITestsLaunchTests.swift */ = {isa = PBXFileReference; lastKnownFileType = sourcecode.swift; path = OliveYoungCompUITestsLaunchTests.swift; sourceTree = "<group>"; };
/* End PBXFileReference section */

/* Begin PBXFrameworksBuildPhase section */
		E350DD962BF05AEF007362E3 /* Frameworks */ = {
			isa = PBXFrameworksBuildPhase;
			buildActionMask = 2147483647;
			files = (
			);
			runOnlyForDeploymentPostprocessing = 0;
		};
		E350DDAC2BF05AF0007362E3 /* Frameworks */ = {
			isa = PBXFrameworksBuildPhase;
			buildActionMask = 2147483647;
			files = (
			);
			runOnlyForDeploymentPostprocessing = 0;
		};
		E350DDB62BF05AF0007362E3 /* Frameworks */ = {
			isa = PBXFrameworksBuildPhase;
			buildActionMask = 2147483647;
			files = (
			);
			runOnlyForDeploymentPostprocessing = 0;
		};
/* End PBXFrameworksBuildPhase section */

/* Begin PBXGroup section */
		E350DD902BF05AEF007362E3 = {
			isa = PBXGroup;
			children = (
				E350DD9B2BF05AEF007362E3 /* OliveYoungComp */,
				E350DDB22BF05AF0007362E3 /* OliveYoungCompTests */,
				E350DDBC2BF05AF0007362E3 /* OliveYoungCompUITests */,
				E350DD9A2BF05AEF007362E3 /* Products */,
			);
			sourceTree = "<group>";
		};
		E350DD9A2BF05AEF007362E3 /* Products */ = {
			isa = PBXGroup;
			children = (
				E350DD992BF05AEF007362E3 /* OliveYoungComp.app */,
				E350DDAF2BF05AF0007362E3 /* OliveYoungCompTests.xctest */,
				E350DDB92BF05AF0007362E3 /* OliveYoungCompUITests.xctest */,
			);
			name = Products;
			sourceTree = "<group>";
		};
		E350DD9B2BF05AEF007362E3 /* OliveYoungComp */ = {
			isa = PBXGroup;
			children = (
				E350DD9C2BF05AEF007362E3 /* AppDelegate.swift */,
				E350DD9E2BF05AEF007362E3 /* SceneDelegate.swift */,
				E350DDA02BF05AEF007362E3 /* ViewController.swift */,
				E350DDA22BF05AEF007362E3 /* Main.storyboard */,
				E350DDA52BF05AF0007362E3 /* Assets.xcassets */,
				E350DDA72BF05AF0007362E3 /* LaunchScreen.storyboard */,
				E350DDAA2BF05AF0007362E3 /* Info.plist */,
			);
			path = OliveYoungComp;
			sourceTree = "<group>";
		};
		E350DDB22BF05AF0007362E3 /* OliveYoungCompTests */ = {
			isa = PBXGroup;
			children = (
				E350DDB32BF05AF0007362E3 /* OliveYoungCompTests.swift */,
			);
			path = OliveYoungCompTests;
			sourceTree = "<group>";
		};
		E350DDBC2BF05AF0007362E3 /* OliveYoungCompUITests */ = {
			isa = PBXGroup;
			children = (
				E350DDBD2BF05AF0007362E3 /* OliveYoungCompUITests.swift */,
				E350DDBF2BF05AF0007362E3 /* OliveYoungCompUITestsLaunchTests.swift */,
			);
			path = OliveYoungCompUITests;
			sourceTree = "<group>";
		};
/* End PBXGroup section */

/* Begin PBXNativeTarget section */
		E350DD982BF05AEF007362E3 /* OliveYoungComp */ = {
			isa = PBXNativeTarget;
			buildConfigurationList = E350DDC32BF05AF0007362E3 /* Build configuration list for PBXNativeTarget "OliveYoungComp" */;
			buildPhases = (
				E350DD952BF05AEF007362E3 /* Sources */,
				E350DD962BF05AEF007362E3 /* Frameworks */,
				E350DD972BF05AEF007362E3 /* Resources */,
			);
			buildRules = (
			);
			dependencies = (
			);
			name = OliveYoungComp;
			productName = OliveYoungComp;
			productReference = E350DD992BF05AEF007362E3 /* OliveYoungComp.app */;
			productType = "com.apple.product-type.application";
		};
		E350DDAE2BF05AF0007362E3 /* OliveYoungCompTests */ = {
			isa = PBXNativeTarget;
			buildConfigurationList = E350DDC62BF05AF0007362E3 /* Build configuration list for PBXNativeTarget "OliveYoungCompTests" */;
			buildPhases = (
				E350DDAB2BF05AF0007362E3 /* Sources */,
				E350DDAC2BF05AF0007362E3 /* Frameworks */,
				E350DDAD2BF05AF0007362E3 /* Resources */,
			);
			buildRules = (
			);
			dependencies = (
				E350DDB12BF05AF0007362E3 /* PBXTargetDependency */,
			);
			name = OliveYoungCompTests;
			productName = OliveYoungCompTests;
			productReference = E350DDAF2BF05AF0007362E3 /* OliveYoungCompTests.xctest */;
			productType = "com.apple.product-type.bundle.unit-test";
		};
		E350DDB82BF05AF0007362E3 /* OliveYoungCompUITests */ = {
			isa = PBXNativeTarget;
			buildConfigurationList = E350DDC92BF05AF0007362E3 /* Build configuration list for PBXNativeTarget "OliveYoungCompUITests" */;
			buildPhases = (
				E350DDB52BF05AF0007362E3 /* Sources */,
				E350DDB62BF05AF0007362E3 /* Frameworks */,
				E350DDB72BF05AF0007362E3 /* Resources */,
			);
			buildRules = (
			);
			dependencies = (
				E350DDBB2BF05AF0007362E3 /* PBXTargetDependency */,
			);
			name = OliveYoungCompUITests;
			productName = OliveYoungCompUITests;
			productReference = E350DDB92BF05AF0007362E3 /* OliveYoungCompUITests.xctest */;
			productType = "com.apple.product-type.bundle.ui-testing";
		};
/* End PBXNativeTarget section */

/* Begin PBXProject section */
		E350DD912BF05AEF007362E3 /* Project object */ = {
			isa = PBXProject;
			attributes = {
				BuildIndependentTargetsInParallel = 1;
				LastSwiftUpdateCheck = 1500;
				LastUpgradeCheck = 1500;
				TargetAttributes = {
					E350DD982BF05AEF007362E3 = {
						CreatedOnToolsVersion = 15.0.1;
					};
					E350DDAE2BF05AF0007362E3 = {
						CreatedOnToolsVersion = 15.0.1;
						TestTargetID = E350DD982BF05AEF007362E3;
					};
					E350DDB82BF05AF0007362E3 = {
						CreatedOnToolsVersion = 15.0.1;
						TestTargetID = E350DD982BF05AEF007362E3;
					};
				};
			};
			buildConfigurationList = E350DD942BF05AEF007362E3 /* Build configuration list for PBXProject "OliveYoungComp" */;
			compatibilityVersion = "Xcode 14.0";
			developmentRegion = en;
			hasScannedForEncodings = 0;
			knownRegions = (
				en,
				Base,
			);
			mainGroup = E350DD902BF05AEF007362E3;
			productRefGroup = E350DD9A2BF05AEF007362E3 /* Products */;
			projectDirPath = "";
			projectRoot = "";
			targets = (
				E350DD982BF05AEF007362E3 /* OliveYoungComp */,
				E350DDAE2BF05AF0007362E3 /* OliveYoungCompTests */,
				E350DDB82BF05AF0007362E3 /* OliveYoungCompUITests */,
			);
		};
/* End PBXProject section */

/* Begin PBXResourcesBuildPhase section */
		E350DD972BF05AEF007362E3 /* Resources */ = {
			isa = PBXResourcesBuildPhase;
			buildActionMask = 2147483647;
			files = (
				E350DDA92BF05AF0007362E3 /* LaunchScreen.storyboard in Resources */,
				E350DDA62BF05AF0007362E3 /* Assets.xcassets in Resources */,
				E350DDA42BF05AEF007362E3 /* Main.storyboard in Resources */,
			);
			runOnlyForDeploymentPostprocessing = 0;
		};
		E350DDAD2BF05AF0007362E3 /* Resources */ = {
			isa = PBXResourcesBuildPhase;
			buildActionMask = 2147483647;
			files = (
			);
			runOnlyForDeploymentPostprocessing = 0;
		};
		E350DDB72BF05AF0007362E3 /* Resources */ = {
			isa = PBXResourcesBuildPhase;
			buildActionMask = 2147483647;
			files = (
			);
			runOnlyForDeploymentPostprocessing = 0;
		};
/* End PBXResourcesBuildPhase section */

/* Begin PBXSourcesBuildPhase section */
		E350DD952BF05AEF007362E3 /* Sources */ = {
			isa = PBXSourcesBuildPhase;
			buildActionMask = 2147483647;
			files = (
				E350DDA12BF05AEF007362E3 /* ViewController.swift in Sources */,
				E350DD9D2BF05AEF007362E3 /* AppDelegate.swift in Sources */,
				E350DD9F2BF05AEF007362E3 /* SceneDelegate.swift in Sources */,
			);
			runOnlyForDeploymentPostprocessing = 0;
		};
		E350DDAB2BF05AF0007362E3 /* Sources */ = {
			isa = PBXSourcesBuildPhase;
			buildActionMask = 2147483647;
			files = (
				E350DDB42BF05AF0007362E3 /* OliveYoungCompTests.swift in Sources */,
			);
			runOnlyForDeploymentPostprocessing = 0;
		};
		E350DDB52BF05AF0007362E3 /* Sources */ = {
			isa = PBXSourcesBuildPhase;
			buildActionMask = 2147483647;
			files = (
				E350DDC02BF05AF0007362E3 /* OliveYoungCompUITestsLaunchTests.swift in Sources */,
				E350DDBE2BF05AF0007362E3 /* OliveYoungCompUITests.swift in Sources */,
			);
			runOnlyForDeploymentPostprocessing = 0;
		};
/* End PBXSourcesBuildPhase section */

/* Begin PBXTargetDependency section */
		E350DDB12BF05AF0007362E3 /* PBXTargetDependency */ = {
			isa = PBXTargetDependency;
			target = E350DD982BF05AEF007362E3 /* OliveYoungComp */;
			targetProxy = E350DDB02BF05AF0007362E3 /* PBXContainerItemProxy */;
		};
		E350DDBB2BF05AF0007362E3 /* PBXTargetDependency */ = {
			isa = PBXTargetDependency;
			target = E350DD982BF05AEF007362E3 /* OliveYoungComp */;
			targetProxy = E350DDBA2BF05AF0007362E3 /* PBXContainerItemProxy */;
		};
/* End PBXTargetDependency section */

/* Begin PBXVariantGroup section */
		E350DDA22BF05AEF007362E3 /* Main.storyboard */ = {
			isa = PBXVariantGroup;
			children = (
				E350DDA32BF05AEF007362E3 /* Base */,
			);
			name = Main.storyboard;
			sourceTree = "<group>";
		};
		E350DDA72BF05AF0007362E3 /* LaunchScreen.storyboard */ = {
			isa = PBXVariantGroup;
			children = (
				E350DDA82BF05AF0007362E3 /* Base */,
			);
			name = LaunchScreen.storyboard;
			sourceTree = "<group>";
		};
/* End PBXVariantGroup section */

/* Begin XCBuildConfiguration section */
		E350DDC12BF05AF0007362E3 /* Debug */ = {
			isa = XCBuildConfiguration;
			buildSettings = {
				ALWAYS_SEARCH_USER_PATHS = NO;
				ASSETCATALOG_COMPILER_GENERATE_SWIFT_ASSET_SYMBOL_EXTENSIONS = YES;
				CLANG_ANALYZER_NONNULL = YES;
				CLANG_ANALYZER_NUMBER_OBJECT_CONVERSION = YES_AGGRESSIVE;
				CLANG_CXX_LANGUAGE_STANDARD = "gnu++20";
				CLANG_ENABLE_MODULES = YES;
				CLANG_ENABLE_OBJC_ARC = YES;
				CLANG_ENABLE_OBJC_WEAK = YES;
				CLANG_WARN_BLOCK_CAPTURE_AUTORELEASING = YES;
				CLANG_WARN_BOOL_CONVERSION = YES;
				CLANG_WARN_COMMA = YES;
				CLANG_WARN_CONSTANT_CONVERSION = YES;
				CLANG_WARN_DEPRECATED_OBJC_IMPLEMENTATIONS = YES;
				CLANG_WARN_DIRECT_OBJC_ISA_USAGE = YES_ERROR;
				CLANG_WARN_DOCUMENTATION_COMMENTS = YES;
				CLANG_WARN_EMPTY_BODY = YES;
				CLANG_WARN_ENUM_CONVERSION = YES;
				CLANG_WARN_INFINITE_RECURSION = YES;
				CLANG_WARN_INT_CONVERSION = YES;
				CLANG_WARN_NON_LITERAL_NULL_CONVERSION = YES;
				CLANG_WARN_OBJC_IMPLICIT_RETAIN_SELF = YES;
				CLANG_WARN_OBJC_LITERAL_CONVERSION = YES;
				CLANG_WARN_OBJC_ROOT_CLASS = YES_ERROR;
				CLANG_WARN_QUOTED_INCLUDE_IN_FRAMEWORK_HEADER = YES;
				CLANG_WARN_RANGE_LOOP_ANALYSIS = YES;
				CLANG_WARN_STRICT_PROTOTYPES = YES;
				CLANG_WARN_SUSPICIOUS_MOVE = YES;
				CLANG_WARN_UNGUARDED_AVAILABILITY = YES_AGGRESSIVE;
				CLANG_WARN_UNREACHABLE_CODE = YES;
				CLANG_WARN__DUPLICATE_METHOD_MATCH = YES;
				COPY_PHASE_STRIP = NO;
				DEBUG_INFORMATION_FORMAT = dwarf;
				ENABLE_STRICT_OBJC_MSGSEND = YES;
				ENABLE_TESTABILITY = YES;
				ENABLE_USER_SCRIPT_SANDBOXING = YES;
				GCC_C_LANGUAGE_STANDARD = gnu17;
				GCC_DYNAMIC_NO_PIC = NO;
				GCC_NO_COMMON_BLOCKS = YES;
				GCC_OPTIMIZATION_LEVEL = 0;
				GCC_PREPROCESSOR_DEFINITIONS = (
					"DEBUG=1",
					"$(inherited)",
				);
				GCC_WARN_64_TO_32_BIT_CONVERSION = YES;
				GCC_WARN_ABOUT_RETURN_TYPE = YES_ERROR;
				GCC_WARN_UNDECLARED_SELECTOR = YES;
				GCC_WARN_UNINITIALIZED_AUTOS = YES_AGGRESSIVE;
				GCC_WARN_UNUSED_FUNCTION = YES;
				GCC_WARN_UNUSED_VARIABLE = YES;
				IPHONEOS_DEPLOYMENT_TARGET = 17.0;
				LOCALIZATION_PREFERS_STRING_CATALOGS = YES;
				MTL_ENABLE_DEBUG_INFO = INCLUDE_SOURCE;
				MTL_FAST_MATH = YES;
				ONLY_ACTIVE_ARCH = YES;
				SDKROOT = iphoneos;
				SWIFT_ACTIVE_COMPILATION_CONDITIONS = "DEBUG $(inherited)";
				SWIFT_OPTIMIZATION_LEVEL = "-Onone";
			};
			name = Debug;
		};
		E350DDC22BF05AF0007362E3 /* Release */ = {
			isa = XCBuildConfiguration;
			buildSettings = {
				ALWAYS_SEARCH_USER_PATHS = NO;
				ASSETCATALOG_COMPILER_GENERATE_SWIFT_ASSET_SYMBOL_EXTENSIONS = YES;
				CLANG_ANALYZER_NONNULL = YES;
				CLANG_ANALYZER_NUMBER_OBJECT_CONVERSION = YES_AGGRESSIVE;
				CLANG_CXX_LANGUAGE_STANDARD = "gnu++20";
				CLANG_ENABLE_MODULES = YES;
				CLANG_ENABLE_OBJC_ARC = YES;
				CLANG_ENABLE_OBJC_WEAK = YES;
				CLANG_WARN_BLOCK_CAPTURE_AUTORELEASING = YES;
				CLANG_WARN_BOOL_CONVERSION = YES;
				CLANG_WARN_COMMA = YES;
				CLANG_WARN_CONSTANT_CONVERSION = YES;
				CLANG_WARN_DEPRECATED_OBJC_IMPLEMENTATIONS = YES;
				CLANG_WARN_DIRECT_OBJC_ISA_USAGE = YES_ERROR;
				CLANG_WARN_DOCUMENTATION_COMMENTS = YES;
				CLANG_WARN_EMPTY_BODY = YES;
				CLANG_WARN_ENUM_CONVERSION = YES;
				CLANG_WARN_INFINITE_RECURSION = YES;
				CLANG_WARN_INT_CONVERSION = YES;
				CLANG_WARN_NON_LITERAL_NULL_CONVERSION = YES;
				CLANG_WARN_OBJC_IMPLICIT_RETAIN_SELF = YES;
				CLANG_WARN_OBJC_LITERAL_CONVERSION = YES;
				CLANG_WARN_OBJC_ROOT_CLASS = YES_ERROR;
				CLANG_WARN_QUOTED_INCLUDE_IN_FRAMEWORK_HEADER = YES;
				CLANG_WARN_RANGE_LOOP_ANALYSIS = YES;
				CLANG_WARN_STRICT_PROTOTYPES = YES;
				CLANG_WARN_SUSPICIOUS_MOVE = YES;
				CLANG_WARN_UNGUARDED_AVAILABILITY = YES_AGGRESSIVE;
				CLANG_WARN_UNREACHABLE_CODE = YES;
				CLANG_WARN__DUPLICATE_METHOD_MATCH = YES;
				COPY_PHASE_STRIP = NO;
				DEBUG_INFORMATION_FORMAT = "dwarf-with-dsym";
				ENABLE_NS_ASSERTIONS = NO;
				ENABLE_STRICT_OBJC_MSGSEND = YES;
				ENABLE_USER_SCRIPT_SANDBOXING = YES;
				GCC_C_LANGUAGE_STANDARD = gnu17;
				GCC_NO_COMMON_BLOCKS = YES;
				GCC_WARN_64_TO_32_BIT_CONVERSION = YES;
				GCC_WARN_ABOUT_RETURN_TYPE = YES_ERROR;
				GCC_WARN_UNDECLARED_SELECTOR = YES;
				GCC_WARN_UNINITIALIZED_AUTOS = YES_AGGRESSIVE;
				GCC_WARN_UNUSED_FUNCTION = YES;
				GCC_WARN_UNUSED_VARIABLE = YES;
				IPHONEOS_DEPLOYMENT_TARGET = 17.0;
				LOCALIZATION_PREFERS_STRING_CATALOGS = YES;
				MTL_ENABLE_DEBUG_INFO = NO;
				MTL_FAST_MATH = YES;
				SDKROOT = iphoneos;
				SWIFT_COMPILATION_MODE = wholemodule;
				VALIDATE_PRODUCT = YES;
			};
			name = Release;
		};
		E350DDC42BF05AF0007362E3 /* Debug */ = {
			isa = XCBuildConfiguration;
			buildSettings = {
				ASSETCATALOG_COMPILER_APPICON_NAME = AppIcon;
				ASSETCATALOG_COMPILER_GLOBAL_ACCENT_COLOR_NAME = AccentColor;
				CODE_SIGN_STYLE = Automatic;
				CURRENT_PROJECT_VERSION = 1;
				DEVELOPMENT_TEAM = 8H4K6TKQBU;
				GENERATE_INFOPLIST_FILE = YES;
				INFOPLIST_FILE = OliveYoungComp/Info.plist;
				INFOPLIST_KEY_UIApplicationSupportsIndirectInputEvents = YES;
				INFOPLIST_KEY_UILaunchStoryboardName = LaunchScreen;
				INFOPLIST_KEY_UIMainStoryboardFile = Main;
				INFOPLIST_KEY_UISupportedInterfaceOrientations_iPad = "UIInterfaceOrientationPortrait UIInterfaceOrientationPortraitUpsideDown UIInterfaceOrientationLandscapeLeft UIInterfaceOrientationLandscapeRight";
				INFOPLIST_KEY_UISupportedInterfaceOrientations_iPhone = "UIInterfaceOrientationPortrait UIInterfaceOrientationLandscapeLeft UIInterfaceOrientationLandscapeRight";
				LD_RUNPATH_SEARCH_PATHS = (
					"$(inherited)",
					"@executable_path/Frameworks",
				);
				MARKETING_VERSION = 1.0;
				PRODUCT_BUNDLE_IDENTIFIER = com.OliveYoungComp;
				PRODUCT_NAME = "$(TARGET_NAME)";
				SWIFT_EMIT_LOC_STRINGS = YES;
				SWIFT_VERSION = 5.0;
				TARGETED_DEVICE_FAMILY = "1,2";
			};
			name = Debug;
		};
		E350DDC52BF05AF0007362E3 /* Release */ = {
			isa = XCBuildConfiguration;
			buildSettings = {
				ASSETCATALOG_COMPILER_APPICON_NAME = AppIcon;
				ASSETCATALOG_COMPILER_GLOBAL_ACCENT_COLOR_NAME = AccentColor;
				CODE_SIGN_STYLE = Automatic;
				CURRENT_PROJECT_VERSION = 1;
				DEVELOPMENT_TEAM = 8H4K6TKQBU;
				GENERATE_INFOPLIST_FILE = YES;
				INFOPLIST_FILE = OliveYoungComp/Info.plist;
				INFOPLIST_KEY_UIApplicationSupportsIndirectInputEvents = YES;
				INFOPLIST_KEY_UILaunchStoryboardName = LaunchScreen;
				INFOPLIST_KEY_UIMainStoryboardFile = Main;
				INFOPLIST_KEY_UISupportedInterfaceOrientations_iPad = "UIInterfaceOrientationPortrait UIInterfaceOrientationPortraitUpsideDown UIInterfaceOrientationLandscapeLeft UIInterfaceOrientationLandscapeRight";
				INFOPLIST_KEY_UISupportedInterfaceOrientations_iPhone = "UIInterfaceOrientationPortrait UIInterfaceOrientationLandscapeLeft UIInterfaceOrientationLandscapeRight";
				LD_RUNPATH_SEARCH_PATHS = (
					"$(inherited)",
					"@executable_path/Frameworks",
				);
				MARKETING_VERSION = 1.0;
				PRODUCT_BUNDLE_IDENTIFIER = com.OliveYoungComp;
				PRODUCT_NAME = "$(TARGET_NAME)";
				SWIFT_EMIT_LOC_STRINGS = YES;
				SWIFT_VERSION = 5.0;
				TARGETED_DEVICE_FAMILY = "1,2";
			};
			name = Release;
		};
		E350DDC72BF05AF0007362E3 /* Debug */ = {
			isa = XCBuildConfiguration;
			buildSettings = {
				ALWAYS_EMBED_SWIFT_STANDARD_LIBRARIES = YES;
				BUNDLE_LOADER = "$(TEST_HOST)";
				CODE_SIGN_STYLE = Automatic;
				CURRENT_PROJECT_VERSION = 1;
				DEVELOPMENT_TEAM = 8H4K6TKQBU;
				GENERATE_INFOPLIST_FILE = YES;
				IPHONEOS_DEPLOYMENT_TARGET = 17.0;
				MARKETING_VERSION = 1.0;
				PRODUCT_BUNDLE_IDENTIFIER = com.OliveYoungCompTests;
				PRODUCT_NAME = "$(TARGET_NAME)";
				SWIFT_EMIT_LOC_STRINGS = NO;
				SWIFT_VERSION = 5.0;
				TARGETED_DEVICE_FAMILY = "1,2";
				TEST_HOST = "$(BUILT_PRODUCTS_DIR)/OliveYoungComp.app/$(BUNDLE_EXECUTABLE_FOLDER_PATH)/OliveYoungComp";
			};
			name = Debug;
		};
		E350DDC82BF05AF0007362E3 /* Release */ = {
			isa = XCBuildConfiguration;
			buildSettings = {
				ALWAYS_EMBED_SWIFT_STANDARD_LIBRARIES = YES;
				BUNDLE_LOADER = "$(TEST_HOST)";
				CODE_SIGN_STYLE = Automatic;
				CURRENT_PROJECT_VERSION = 1;
				DEVELOPMENT_TEAM = 8H4K6TKQBU;
				GENERATE_INFOPLIST_FILE = YES;
				IPHONEOS_DEPLOYMENT_TARGET = 17.0;
				MARKETING_VERSION = 1.0;
				PRODUCT_BUNDLE_IDENTIFIER = com.OliveYoungCompTests;
				PRODUCT_NAME = "$(TARGET_NAME)";
				SWIFT_EMIT_LOC_STRINGS = NO;
				SWIFT_VERSION = 5.0;
				TARGETED_DEVICE_FAMILY = "1,2";
				TEST_HOST = "$(BUILT_PRODUCTS_DIR)/OliveYoungComp.app/$(BUNDLE_EXECUTABLE_FOLDER_PATH)/OliveYoungComp";
			};
			name = Release;
		};
		E350DDCA2BF05AF0007362E3 /* Debug */ = {
			isa = XCBuildConfiguration;
			buildSettings = {
				ALWAYS_EMBED_SWIFT_STANDARD_LIBRARIES = YES;
				CODE_SIGN_STYLE = Automatic;
				CURRENT_PROJECT_VERSION = 1;
				DEVELOPMENT_TEAM = 8H4K6TKQBU;
				GENERATE_INFOPLIST_FILE = YES;
				MARKETING_VERSION = 1.0;
				PRODUCT_BUNDLE_IDENTIFIER = com.OliveYoungCompUITests;
				PRODUCT_NAME = "$(TARGET_NAME)";
				SWIFT_EMIT_LOC_STRINGS = NO;
				SWIFT_VERSION = 5.0;
				TARGETED_DEVICE_FAMILY = "1,2";
				TEST_TARGET_NAME = OliveYoungComp;
			};
			name = Debug;
		};
		E350DDCB2BF05AF0007362E3 /* Release */ = {
			isa = XCBuildConfiguration;
			buildSettings = {
				ALWAYS_EMBED_SWIFT_STANDARD_LIBRARIES = YES;
				CODE_SIGN_STYLE = Automatic;
				CURRENT_PROJECT_VERSION = 1;
				DEVELOPMENT_TEAM = 8H4K6TKQBU;
				GENERATE_INFOPLIST_FILE = YES;
				MARKETING_VERSION = 1.0;
				PRODUCT_BUNDLE_IDENTIFIER = com.OliveYoungCompUITests;
				PRODUCT_NAME = "$(TARGET_NAME)";
				SWIFT_EMIT_LOC_STRINGS = NO;
				SWIFT_VERSION = 5.0;
				TARGETED_DEVICE_FAMILY = "1,2";
				TEST_TARGET_NAME = OliveYoungComp;
			};
			name = Release;
		};
/* End XCBuildConfiguration section */

/* Begin XCConfigurationList section */
		E350DD942BF05AEF007362E3 /* Build configuration list for PBXProject "OliveYoungComp" */ = {
			isa = XCConfigurationList;
			buildConfigurations = (
				E350DDC12BF05AF0007362E3 /* Debug */,
				E350DDC22BF05AF0007362E3 /* Release */,
			);
			defaultConfigurationIsVisible = 0;
			defaultConfigurationName = Release;
		};
		E350DDC32BF05AF0007362E3 /* Build configuration list for PBXNativeTarget "OliveYoungComp" */ = {
			isa = XCConfigurationList;
			buildConfigurations = (
				E350DDC42BF05AF0007362E3 /* Debug */,
				E350DDC52BF05AF0007362E3 /* Release */,
			);
			defaultConfigurationIsVisible = 0;
			defaultConfigurationName = Release;
		};
		E350DDC62BF05AF0007362E3 /* Build configuration list for PBXNativeTarget "OliveYoungCompTests" */ = {
			isa = XCConfigurationList;
			buildConfigurations = (
				E350DDC72BF05AF0007362E3 /* Debug */,
				E350DDC82BF05AF0007362E3 /* Release */,
			);
			defaultConfigurationIsVisible = 0;
			defaultConfigurationName = Release;
		};
		E350DDC92BF05AF0007362E3 /* Build configuration list for PBXNativeTarget "OliveYoungCompUITests" */ = {
			isa = XCConfigurationList;
			buildConfigurations = (
				E350DDCA2BF05AF0007362E3 /* Debug */,
				E350DDCB2BF05AF0007362E3 /* Release */,
			);
			defaultConfigurationIsVisible = 0;
			defaultConfigurationName = Release;
		};
/* End XCConfigurationList section */
	};
	rootObject = E350DD912BF05AEF007362E3 /* Project object */;
}
